PODS:
  - Alamofire (5.6.4)
  - Cuckoo (1.9.1):
    - Cuckoo/Swift (= 1.9.1)
  - Cuckoo/Swift (1.9.1)
  - DSFSparkline (4.5.1):
    - DSFSparkline/Core (= 4.5.1)
  - DSFSparkline/Core (4.5.1)
  - Localize-Swift (3.2.0):
    - Localize-Swift/LocalizeSwiftCore (= 3.2.0)
    - Localize-Swift/UIKit (= 3.2.0)
  - Localize-Swift/LocalizeSwiftCore (3.2.0)
  - Localize-Swift/UIKit (3.2.0):
    - Localize-Swift/LocalizeSwiftCore
  - SDWebImage (5.14.3):
    - SDWebImage/Core (= 5.14.3)
  - SDWebImage/Core (5.14.3)

DEPENDENCIES:
  - Alamofire
  - Cuckoo
  - DSFSparkline (from `https://github.com/dagronf/DSFSparkline/`)
  - Localize-Swift
  - SDWebImage

SPEC REPOS:
  https://github.com/CocoaPods/Specs.git:
    - Alamofire
    - Cuckoo
    - Localize-Swift
    - SDWebImage

EXTERNAL SOURCES:
  DSFSparkline:
    :git: https://github.com/dagronf/DSFSparkline/

CHECKOUT OPTIONS:
  DSFSparkline:
    :commit: cfcf80b9e214500cbc12b795b7c9943151b8bd4f
    :git: https://github.com/dagronf/DSFSparkline/

SPEC CHECKSUMS:
  Alamofire: 4e95d97098eacb88856099c4fc79b526a299e48c
  Cuckoo: 1b6793fe60fac29af50b0a5915bc309a4a1ac673
  DSFSparkline: 579014974c5932f4d7b4b3b2657182a8901353c7
  Localize-Swift: 6f4475136bdb0d7b2882ea3d4ea919d70142b232
  SDWebImage: 9c36e66c8ce4620b41a7407698dda44211a96764

PODFILE CHECKSUM: 19666905db911a2c95d25ae7ef04e75b6dbfb855

COCOAPODS: 1.11.3
